
Microsoft Visual Studio Solution File, Format Version 12.00
# Visual Studio Version 16
VisualStudioVersion = 16.0.30711.63
MinimumVisualStudioVersion = 10.0.40219.1
Project("{FAE04EC0-301F-11D3-BF4B-00C04F79EFBC}") = "WGame - Prototype 1", "WGame - Prototype 1.csproj", "{53723EF7-7F3D-4FC9-B5D4-A33C13B168C0}"
EndProject
Global
	GlobalSection(SolutionConfigurationPlatforms) = preSolution
		Debug|Any CPU = Debug|Any CPU
		Release|Any CPU = Release|Any CPU
	EndGlobalSection
	GlobalSection(ProjectConfigurationPlatforms) = postSolution
		{53723EF7-7F3D-4FC9-B5D4-A33C13B168C0}.Debug|Any CPU.ActiveCfg = Debug|Any CPU
		{53723EF7-7F3D-4FC9-B5D4-A33C13B168C0}.Debug|Any CPU.Build.0 = Debug|Any CPU
		{53723EF7-7F3D-4FC9-B5D4-A33C13B168C0}.Release|Any CPU.ActiveCfg = Release|Any CPU
		{53723EF7-7F3D-4FC9-B5D4-A33C13B168C0}.Release|Any CPU.Build.0 = Release|Any CPU
	EndGlobalSection
	GlobalSection(SolutionProperties) = preSolution
		HideSolutionNode = FALSE
	EndGlobalSection
	GlobalSection(ExtensibilityGlobals) = postSolution
		SolutionGuid = {4559B574-CAB8-47D8-964B-4579F7CA5E85}
	EndGlobalSection
EndGlobal
